{
  "name": "cposc_raffle_rng",
  "version": "1.0.0",
  "lockfileVersion": 1,
  "requires": true,
  "dependencies": {
    "convert-csv-to-json": {
      "version": "0.0.13",
      "resolved": "https://registry.npmjs.org/convert-csv-to-json/-/convert-csv-to-json-0.0.13.tgz",
      "integrity": "sha1-GvBJv3jOpnNXWFXYaiTyggf4nAg="
    },
    "jquery": {
      "version": "3.3.1",
      "resolved": "https://registry.npmjs.org/jquery/-/jquery-3.3.1.tgz",
      "integrity": "sha512-Ubldcmxp5np52/ENotGxlLe6aGMvmF4R8S6tZjsP6Knsaxd/xp3Zrh50cG93lR6nPXyUFwzN3ZSOQI0wRJNdGg=="
    },
    "jquery-slotmachine": {
      "version": "4.0.1",
      "resolved": "https://registry.npmjs.org/jquery-slotmachine/-/jquery-slotmachine-4.0.1.tgz",
      "integrity": "sha512-34sPKBSbmGlWfSOhNuvv+uYya56uWd6lDDeFGUUMNvRYKZ6dZcv6dlCpx3laEhZuyH+ewApI5JlAOh/LYiiZOw==",
      "requires": {
        "jquery": ">=1.7"
      }
    }
  }
}
